
Microsoft Visual Studio Solution File, Format Version 12.00
# Visual Studio 15
VisualStudioVersion = 15.0.27130.0
MinimumVisualStudioVersion = 10.0.40219.1
Project("{FAE04EC0-301F-11D3-BF4B-00C04F79EFBC}") = "AdventDay1", "AdventDay1\AdventDay1.csproj", "{8B853453-65C4-439E-9101-E461202220BD}"
EndProject
Project("{FAE04EC0-301F-11D3-BF4B-00C04F79EFBC}") = "Advent.Tests", "Advent.Tests\Advent.Tests.csproj", "{80C9DFB2-6C72-4BFC-B34B-EA392B9EBB62}"
EndProject
Project("{FAE04EC0-301F-11D3-BF4B-00C04F79EFBC}") = "AdventDay2", "AdventDay2\AdventDay2.csproj", "{8B5C0B0F-EF0B-48BB-87C0-0DBECE694D84}"
EndProject
Project("{FAE04EC0-301F-11D3-BF4B-00C04F79EFBC}") = "AdventDay3", "AdventDay3\AdventDay3.csproj", "{27C583F3-59CD-42FE-B997-07B4DACD75CF}"
EndProject
Project("{FAE04EC0-301F-11D3-BF4B-00C04F79EFBC}") = "AdventDay4", "AdventDay4\AdventDay4.csproj", "{47E7771A-4E8F-40DB-9EBF-F168EACE9FA2}"
EndProject
Project("{FAE04EC0-301F-11D3-BF4B-00C04F79EFBC}") = "AdventDay5", "AdventDay5\AdventDay5.csproj", "{48B6C767-94DB-4C5C-BE96-07A1DEC0384C}"
EndProject
Project("{FAE04EC0-301F-11D3-BF4B-00C04F79EFBC}") = "AdventDay6", "AdventDay6\AdventDay6.csproj", "{2E54876A-0A85-4E2F-A750-B61603771EAA}"
EndProject
Project("{FAE04EC0-301F-11D3-BF4B-00C04F79EFBC}") = "AdventDay7", "AdventDay7\AdventDay7.csproj", "{150E0B24-F230-4141-9E4B-406A83C9467E}"
EndProject
Project("{FAE04EC0-301F-11D3-BF4B-00C04F79EFBC}") = "AdventDay8", "AdventDay8\AdventDay8.csproj", "{198983CC-C5F2-465D-83F4-40D0DB5D70B9}"
EndProject
Project("{FAE04EC0-301F-11D3-BF4B-00C04F79EFBC}") = "AdventDay9", "AdventDay9\AdventDay9.csproj", "{DCBA8210-5857-44F2-9045-1C2C6BA67082}"
EndProject
Project("{FAE04EC0-301F-11D3-BF4B-00C04F79EFBC}") = "AdventDay10", "AdventDay10\AdventDay10.csproj", "{6BB7B7A5-4DA5-47FB-8077-D31631400DCA}"
EndProject
Project("{FAE04EC0-301F-11D3-BF4B-00C04F79EFBC}") = "AdventDay11", "AdventDay11\AdventDay11.csproj", "{C1C36B79-C835-42D3-BBEB-4DBB7FB7C2ED}"
EndProject
Project("{FAE04EC0-301F-11D3-BF4B-00C04F79EFBC}") = "AdventDay12", "AdventDay12\AdventDay12.csproj", "{493C1506-431C-4B02-94AF-18037536C930}"
EndProject
Project("{FAE04EC0-301F-11D3-BF4B-00C04F79EFBC}") = "AdventDay13", "AdventDay13\AdventDay13.csproj", "{BF9BB55E-E765-4035-84DC-AEB697350C25}"
EndProject
Global
	GlobalSection(SolutionConfigurationPlatforms) = preSolution
		Debug|Any CPU = Debug|Any CPU
		Release|Any CPU = Release|Any CPU
	EndGlobalSection
	GlobalSection(ProjectConfigurationPlatforms) = postSolution
		{8B853453-65C4-439E-9101-E461202220BD}.Debug|Any CPU.ActiveCfg = Debug|Any CPU
		{8B853453-65C4-439E-9101-E461202220BD}.Debug|Any CPU.Build.0 = Debug|Any CPU
		{8B853453-65C4-439E-9101-E461202220BD}.Release|Any CPU.ActiveCfg = Release|Any CPU
		{8B853453-65C4-439E-9101-E461202220BD}.Release|Any CPU.Build.0 = Release|Any CPU
		{80C9DFB2-6C72-4BFC-B34B-EA392B9EBB62}.Debug|Any CPU.ActiveCfg = Debug|Any CPU
		{80C9DFB2-6C72-4BFC-B34B-EA392B9EBB62}.Debug|Any CPU.Build.0 = Debug|Any CPU
		{80C9DFB2-6C72-4BFC-B34B-EA392B9EBB62}.Release|Any CPU.ActiveCfg = Release|Any CPU
		{80C9DFB2-6C72-4BFC-B34B-EA392B9EBB62}.Release|Any CPU.Build.0 = Release|Any CPU
		{8B5C0B0F-EF0B-48BB-87C0-0DBECE694D84}.Debug|Any CPU.ActiveCfg = Debug|Any CPU
		{8B5C0B0F-EF0B-48BB-87C0-0DBECE694D84}.Debug|Any CPU.Build.0 = Debug|Any CPU
		{8B5C0B0F-EF0B-48BB-87C0-0DBECE694D84}.Release|Any CPU.ActiveCfg = Release|Any CPU
		{8B5C0B0F-EF0B-48BB-87C0-0DBECE694D84}.Release|Any CPU.Build.0 = Release|Any CPU
		{27C583F3-59CD-42FE-B997-07B4DACD75CF}.Debug|Any CPU.ActiveCfg = Debug|Any CPU
		{27C583F3-59CD-42FE-B997-07B4DACD75CF}.Debug|Any CPU.Build.0 = Debug|Any CPU
		{27C583F3-59CD-42FE-B997-07B4DACD75CF}.Release|Any CPU.ActiveCfg = Release|Any CPU
		{27C583F3-59CD-42FE-B997-07B4DACD75CF}.Release|Any CPU.Build.0 = Release|Any CPU
		{47E7771A-4E8F-40DB-9EBF-F168EACE9FA2}.Debug|Any CPU.ActiveCfg = Debug|Any CPU
		{47E7771A-4E8F-40DB-9EBF-F168EACE9FA2}.Debug|Any CPU.Build.0 = Debug|Any CPU
		{47E7771A-4E8F-40DB-9EBF-F168EACE9FA2}.Release|Any CPU.ActiveCfg = Release|Any CPU
		{47E7771A-4E8F-40DB-9EBF-F168EACE9FA2}.Release|Any CPU.Build.0 = Release|Any CPU
		{48B6C767-94DB-4C5C-BE96-07A1DEC0384C}.Debug|Any CPU.ActiveCfg = Debug|Any CPU
		{48B6C767-94DB-4C5C-BE96-07A1DEC0384C}.Debug|Any CPU.Build.0 = Debug|Any CPU
		{48B6C767-94DB-4C5C-BE96-07A1DEC0384C}.Release|Any CPU.ActiveCfg = Release|Any CPU
		{48B6C767-94DB-4C5C-BE96-07A1DEC0384C}.Release|Any CPU.Build.0 = Release|Any CPU
		{2E54876A-0A85-4E2F-A750-B61603771EAA}.Debug|Any CPU.ActiveCfg = Debug|Any CPU
		{2E54876A-0A85-4E2F-A750-B61603771EAA}.Debug|Any CPU.Build.0 = Debug|Any CPU
		{2E54876A-0A85-4E2F-A750-B61603771EAA}.Release|Any CPU.ActiveCfg = Release|Any CPU
		{2E54876A-0A85-4E2F-A750-B61603771EAA}.Release|Any CPU.Build.0 = Release|Any CPU
		{150E0B24-F230-4141-9E4B-406A83C9467E}.Debug|Any CPU.ActiveCfg = Debug|Any CPU
		{150E0B24-F230-4141-9E4B-406A83C9467E}.Debug|Any CPU.Build.0 = Debug|Any CPU
		{150E0B24-F230-4141-9E4B-406A83C9467E}.Release|Any CPU.ActiveCfg = Release|Any CPU
		{150E0B24-F230-4141-9E4B-406A83C9467E}.Release|Any CPU.Build.0 = Release|Any CPU
		{198983CC-C5F2-465D-83F4-40D0DB5D70B9}.Debug|Any CPU.ActiveCfg = Debug|Any CPU
		{198983CC-C5F2-465D-83F4-40D0DB5D70B9}.Debug|Any CPU.Build.0 = Debug|Any CPU
		{198983CC-C5F2-465D-83F4-40D0DB5D70B9}.Release|Any CPU.ActiveCfg = Release|Any CPU
		{198983CC-C5F2-465D-83F4-40D0DB5D70B9}.Release|Any CPU.Build.0 = Release|Any CPU
		{DCBA8210-5857-44F2-9045-1C2C6BA67082}.Debug|Any CPU.ActiveCfg = Debug|Any CPU
		{DCBA8210-5857-44F2-9045-1C2C6BA67082}.Debug|Any CPU.Build.0 = Debug|Any CPU
		{DCBA8210-5857-44F2-9045-1C2C6BA67082}.Release|Any CPU.ActiveCfg = Release|Any CPU
		{DCBA8210-5857-44F2-9045-1C2C6BA67082}.Release|Any CPU.Build.0 = Release|Any CPU
		{6BB7B7A5-4DA5-47FB-8077-D31631400DCA}.Debug|Any CPU.ActiveCfg = Debug|Any CPU
		{6BB7B7A5-4DA5-47FB-8077-D31631400DCA}.Debug|Any CPU.Build.0 = Debug|Any CPU
		{6BB7B7A5-4DA5-47FB-8077-D31631400DCA}.Release|Any CPU.ActiveCfg = Release|Any CPU
		{6BB7B7A5-4DA5-47FB-8077-D31631400DCA}.Release|Any CPU.Build.0 = Release|Any CPU
		{C1C36B79-C835-42D3-BBEB-4DBB7FB7C2ED}.Debug|Any CPU.ActiveCfg = Debug|Any CPU
		{C1C36B79-C835-42D3-BBEB-4DBB7FB7C2ED}.Debug|Any CPU.Build.0 = Debug|Any CPU
		{C1C36B79-C835-42D3-BBEB-4DBB7FB7C2ED}.Release|Any CPU.ActiveCfg = Release|Any CPU
		{C1C36B79-C835-42D3-BBEB-4DBB7FB7C2ED}.Release|Any CPU.Build.0 = Release|Any CPU
		{493C1506-431C-4B02-94AF-18037536C930}.Debug|Any CPU.ActiveCfg = Debug|Any CPU
		{493C1506-431C-4B02-94AF-18037536C930}.Debug|Any CPU.Build.0 = Debug|Any CPU
		{493C1506-431C-4B02-94AF-18037536C930}.Release|Any CPU.ActiveCfg = Release|Any CPU
		{493C1506-431C-4B02-94AF-18037536C930}.Release|Any CPU.Build.0 = Release|Any CPU
		{BF9BB55E-E765-4035-84DC-AEB697350C25}.Debug|Any CPU.ActiveCfg = Debug|Any CPU
		{BF9BB55E-E765-4035-84DC-AEB697350C25}.Debug|Any CPU.Build.0 = Debug|Any CPU
		{BF9BB55E-E765-4035-84DC-AEB697350C25}.Release|Any CPU.ActiveCfg = Release|Any CPU
		{BF9BB55E-E765-4035-84DC-AEB697350C25}.Release|Any CPU.Build.0 = Release|Any CPU
	EndGlobalSection
	GlobalSection(SolutionProperties) = preSolution
		HideSolutionNode = FALSE
	EndGlobalSection
	GlobalSection(ExtensibilityGlobals) = postSolution
		SolutionGuid = {576356FF-0069-4989-9903-310889ECE13C}
	EndGlobalSection
EndGlobal
