
Microsoft Visual Studio Solution File, Format Version 12.00
# Visual Studio 15
VisualStudioVersion = 15.0.26430.16
MinimumVisualStudioVersion = 10.0.40219.1
Project("{FAE04EC0-301F-11D3-BF4B-00C04F79EFBC}") = "AdventDay1", "AdventDay1\AdventDay1.csproj", "{8B853453-65C4-439E-9101-E461202220BD}"
EndProject
Project("{FAE04EC0-301F-11D3-BF4B-00C04F79EFBC}") = "Advent.Tests", "Advent.Tests\Advent.Tests.csproj", "{80C9DFB2-6C72-4BFC-B34B-EA392B9EBB62}"
EndProject
Project("{FAE04EC0-301F-11D3-BF4B-00C04F79EFBC}") = "AdventDay2", "AdventDay2\AdventDay2.csproj", "{8B5C0B0F-EF0B-48BB-87C0-0DBECE694D84}"
EndProject
Project("{FAE04EC0-301F-11D3-BF4B-00C04F79EFBC}") = "AdventDay3", "AdventDay3\AdventDay3.csproj", "{27C583F3-59CD-42FE-B997-07B4DACD75CF}"
EndProject
Global
	GlobalSection(SolutionConfigurationPlatforms) = preSolution
		Debug|Any CPU = Debug|Any CPU
		Release|Any CPU = Release|Any CPU
	EndGlobalSection
	GlobalSection(ProjectConfigurationPlatforms) = postSolution
		{8B853453-65C4-439E-9101-E461202220BD}.Debug|Any CPU.ActiveCfg = Debug|Any CPU
		{8B853453-65C4-439E-9101-E461202220BD}.Debug|Any CPU.Build.0 = Debug|Any CPU
		{8B853453-65C4-439E-9101-E461202220BD}.Release|Any CPU.ActiveCfg = Release|Any CPU
		{8B853453-65C4-439E-9101-E461202220BD}.Release|Any CPU.Build.0 = Release|Any CPU
		{80C9DFB2-6C72-4BFC-B34B-EA392B9EBB62}.Debug|Any CPU.ActiveCfg = Debug|Any CPU
		{80C9DFB2-6C72-4BFC-B34B-EA392B9EBB62}.Debug|Any CPU.Build.0 = Debug|Any CPU
		{80C9DFB2-6C72-4BFC-B34B-EA392B9EBB62}.Release|Any CPU.ActiveCfg = Release|Any CPU
		{80C9DFB2-6C72-4BFC-B34B-EA392B9EBB62}.Release|Any CPU.Build.0 = Release|Any CPU
		{8B5C0B0F-EF0B-48BB-87C0-0DBECE694D84}.Debug|Any CPU.ActiveCfg = Debug|Any CPU
		{8B5C0B0F-EF0B-48BB-87C0-0DBECE694D84}.Debug|Any CPU.Build.0 = Debug|Any CPU
		{8B5C0B0F-EF0B-48BB-87C0-0DBECE694D84}.Release|Any CPU.ActiveCfg = Release|Any CPU
		{8B5C0B0F-EF0B-48BB-87C0-0DBECE694D84}.Release|Any CPU.Build.0 = Release|Any CPU
		{27C583F3-59CD-42FE-B997-07B4DACD75CF}.Debug|Any CPU.ActiveCfg = Debug|Any CPU
		{27C583F3-59CD-42FE-B997-07B4DACD75CF}.Debug|Any CPU.Build.0 = Debug|Any CPU
		{27C583F3-59CD-42FE-B997-07B4DACD75CF}.Release|Any CPU.ActiveCfg = Release|Any CPU
		{27C583F3-59CD-42FE-B997-07B4DACD75CF}.Release|Any CPU.Build.0 = Release|Any CPU
	EndGlobalSection
	GlobalSection(SolutionProperties) = preSolution
		HideSolutionNode = FALSE
	EndGlobalSection
EndGlobal
